
Microsoft Visual Studio Solution File, Format Version 12.00
# Visual Studio Version 16
VisualStudioVersion = 16.0.31321.278
MinimumVisualStudioVersion = 10.0.40219.1
Project("{2150E333-8FDC-42A3-9474-1A3956D46DE8}") = "Services", "Services", "{A4D9E533-B5DC-4756-9EF2-FB2346F981B0}"
EndProject
Project("{2150E333-8FDC-42A3-9474-1A3956D46DE8}") = "Catalog", "Catalog", "{364455C2-6139-49A1-AA71-9B60C2BE2CFE}"
EndProject
Project("{9A19103F-16F7-4668-BE54-9A1E7A4F7556}") = "Catalog.API", "Services\Catalog\Catalog.API\Catalog.API.csproj", "{92DF6FD5-456A-40E9-8545-5C6228AF101F}"
EndProject
Project("{E53339B2-1760-4266-BCC7-CA923CBCF16C}") = "docker-compose", "docker-compose.dcproj", "{B3E252C4-407E-469F-A07F-5ECC485B5F9B}"
EndProject
Project("{2150E333-8FDC-42A3-9474-1A3956D46DE8}") = "Basket", "Basket", "{E2FC4055-0B74-48BC-ACED-492170E2D6CE}"
EndProject
Project("{9A19103F-16F7-4668-BE54-9A1E7A4F7556}") = "Basket.API", "Services\Basket\Basket.API\Basket.API.csproj", "{9B46729D-AFF2-4FA9-B9F2-3B061D401E0D}"
EndProject
Project("{2150E333-8FDC-42A3-9474-1A3956D46DE8}") = "Discount", "Discount", "{BA06A023-9AE0-4A90-B37F-EE0E325EED86}"
EndProject
Project("{9A19103F-16F7-4668-BE54-9A1E7A4F7556}") = "Discount.API", "Services\Discount\Discount.API\Discount.API.csproj", "{240B927E-CC73-4AB4-81F9-288B3322929B}"
EndProject
Project("{9A19103F-16F7-4668-BE54-9A1E7A4F7556}") = "Discount.Grpc", "Services\Discount\Discount.Grpc\Discount.Grpc.csproj", "{286D2233-AD05-46AB-8C38-85CA08A717E4}"
EndProject
Project("{2150E333-8FDC-42A3-9474-1A3956D46DE8}") = "Ordering", "Ordering", "{382CB8CF-2370-4F4D-AD89-2C9E61D1B8E8}"
EndProject
Project("{9A19103F-16F7-4668-BE54-9A1E7A4F7556}") = "Ordering.API", "Services\Ordering\Ordering.API\Ordering.API.csproj", "{AD20043E-2EC0-4E93-B89A-84E037CF8BDB}"
EndProject
Project("{9A19103F-16F7-4668-BE54-9A1E7A4F7556}") = "Ordering.Domain", "Services\Ordering\Ordering.Domain\Ordering.Domain.csproj", "{815336E7-2D38-42F3-9DC0-EF6B7098F52F}"
EndProject
Project("{9A19103F-16F7-4668-BE54-9A1E7A4F7556}") = "Ordering.Application", "Services\Ordering\Ordering.Application\Ordering.Application.csproj", "{BF4E8056-F97A-46C4-9181-4191C7E0CD79}"
EndProject
Project("{9A19103F-16F7-4668-BE54-9A1E7A4F7556}") = "Ordering.Infrastructure", "Services\Ordering\Ordering.Infrastructure\Ordering.Infrastructure.csproj", "{179C919E-F7D6-4155-A3DB-82E5A7E39A77}"
EndProject
Project("{2150E333-8FDC-42A3-9474-1A3956D46DE8}") = "BuildingBlocks", "BuildingBlocks", "{A3468349-230C-4EBB-AA9E-8743B7E53D34}"
EndProject
Project("{FAE04EC0-301F-11D3-BF4B-00C04F79EFBC}") = "EventBus.Messages", "BuildingBlocks\EventBus.Messages\EventBus.Messages.csproj", "{F3D52A21-3AD5-4B77-A9A7-DCF7B82A7911}"
EndProject
Global
	GlobalSection(SolutionConfigurationPlatforms) = preSolution
		Debug|Any CPU = Debug|Any CPU
		Release|Any CPU = Release|Any CPU
	EndGlobalSection
	GlobalSection(ProjectConfigurationPlatforms) = postSolution
		{92DF6FD5-456A-40E9-8545-5C6228AF101F}.Debug|Any CPU.ActiveCfg = Debug|Any CPU
		{92DF6FD5-456A-40E9-8545-5C6228AF101F}.Debug|Any CPU.Build.0 = Debug|Any CPU
		{92DF6FD5-456A-40E9-8545-5C6228AF101F}.Release|Any CPU.ActiveCfg = Release|Any CPU
		{92DF6FD5-456A-40E9-8545-5C6228AF101F}.Release|Any CPU.Build.0 = Release|Any CPU
		{B3E252C4-407E-469F-A07F-5ECC485B5F9B}.Debug|Any CPU.ActiveCfg = Debug|Any CPU
		{B3E252C4-407E-469F-A07F-5ECC485B5F9B}.Debug|Any CPU.Build.0 = Debug|Any CPU
		{B3E252C4-407E-469F-A07F-5ECC485B5F9B}.Release|Any CPU.ActiveCfg = Release|Any CPU
		{B3E252C4-407E-469F-A07F-5ECC485B5F9B}.Release|Any CPU.Build.0 = Release|Any CPU
		{9B46729D-AFF2-4FA9-B9F2-3B061D401E0D}.Debug|Any CPU.ActiveCfg = Debug|Any CPU
		{9B46729D-AFF2-4FA9-B9F2-3B061D401E0D}.Debug|Any CPU.Build.0 = Debug|Any CPU
		{9B46729D-AFF2-4FA9-B9F2-3B061D401E0D}.Release|Any CPU.ActiveCfg = Release|Any CPU
		{9B46729D-AFF2-4FA9-B9F2-3B061D401E0D}.Release|Any CPU.Build.0 = Release|Any CPU
		{240B927E-CC73-4AB4-81F9-288B3322929B}.Debug|Any CPU.ActiveCfg = Debug|Any CPU
		{240B927E-CC73-4AB4-81F9-288B3322929B}.Debug|Any CPU.Build.0 = Debug|Any CPU
		{240B927E-CC73-4AB4-81F9-288B3322929B}.Release|Any CPU.ActiveCfg = Release|Any CPU
		{240B927E-CC73-4AB4-81F9-288B3322929B}.Release|Any CPU.Build.0 = Release|Any CPU
		{286D2233-AD05-46AB-8C38-85CA08A717E4}.Debug|Any CPU.ActiveCfg = Debug|Any CPU
		{286D2233-AD05-46AB-8C38-85CA08A717E4}.Debug|Any CPU.Build.0 = Debug|Any CPU
		{286D2233-AD05-46AB-8C38-85CA08A717E4}.Release|Any CPU.ActiveCfg = Release|Any CPU
		{286D2233-AD05-46AB-8C38-85CA08A717E4}.Release|Any CPU.Build.0 = Release|Any CPU
		{AD20043E-2EC0-4E93-B89A-84E037CF8BDB}.Debug|Any CPU.ActiveCfg = Debug|Any CPU
		{AD20043E-2EC0-4E93-B89A-84E037CF8BDB}.Debug|Any CPU.Build.0 = Debug|Any CPU
		{AD20043E-2EC0-4E93-B89A-84E037CF8BDB}.Release|Any CPU.ActiveCfg = Release|Any CPU
		{AD20043E-2EC0-4E93-B89A-84E037CF8BDB}.Release|Any CPU.Build.0 = Release|Any CPU
		{815336E7-2D38-42F3-9DC0-EF6B7098F52F}.Debug|Any CPU.ActiveCfg = Debug|Any CPU
		{815336E7-2D38-42F3-9DC0-EF6B7098F52F}.Debug|Any CPU.Build.0 = Debug|Any CPU
		{815336E7-2D38-42F3-9DC0-EF6B7098F52F}.Release|Any CPU.ActiveCfg = Release|Any CPU
		{815336E7-2D38-42F3-9DC0-EF6B7098F52F}.Release|Any CPU.Build.0 = Release|Any CPU
		{BF4E8056-F97A-46C4-9181-4191C7E0CD79}.Debug|Any CPU.ActiveCfg = Debug|Any CPU
		{BF4E8056-F97A-46C4-9181-4191C7E0CD79}.Debug|Any CPU.Build.0 = Debug|Any CPU
		{BF4E8056-F97A-46C4-9181-4191C7E0CD79}.Release|Any CPU.ActiveCfg = Release|Any CPU
		{BF4E8056-F97A-46C4-9181-4191C7E0CD79}.Release|Any CPU.Build.0 = Release|Any CPU
		{179C919E-F7D6-4155-A3DB-82E5A7E39A77}.Debug|Any CPU.ActiveCfg = Debug|Any CPU
		{179C919E-F7D6-4155-A3DB-82E5A7E39A77}.Debug|Any CPU.Build.0 = Debug|Any CPU
		{179C919E-F7D6-4155-A3DB-82E5A7E39A77}.Release|Any CPU.ActiveCfg = Release|Any CPU
		{179C919E-F7D6-4155-A3DB-82E5A7E39A77}.Release|Any CPU.Build.0 = Release|Any CPU
		{F3D52A21-3AD5-4B77-A9A7-DCF7B82A7911}.Debug|Any CPU.ActiveCfg = Debug|Any CPU
		{F3D52A21-3AD5-4B77-A9A7-DCF7B82A7911}.Debug|Any CPU.Build.0 = Debug|Any CPU
		{F3D52A21-3AD5-4B77-A9A7-DCF7B82A7911}.Release|Any CPU.ActiveCfg = Release|Any CPU
		{F3D52A21-3AD5-4B77-A9A7-DCF7B82A7911}.Release|Any CPU.Build.0 = Release|Any CPU
	EndGlobalSection
	GlobalSection(SolutionProperties) = preSolution
		HideSolutionNode = FALSE
	EndGlobalSection
	GlobalSection(NestedProjects) = preSolution
		{364455C2-6139-49A1-AA71-9B60C2BE2CFE} = {A4D9E533-B5DC-4756-9EF2-FB2346F981B0}
		{92DF6FD5-456A-40E9-8545-5C6228AF101F} = {364455C2-6139-49A1-AA71-9B60C2BE2CFE}
		{E2FC4055-0B74-48BC-ACED-492170E2D6CE} = {A4D9E533-B5DC-4756-9EF2-FB2346F981B0}
		{9B46729D-AFF2-4FA9-B9F2-3B061D401E0D} = {E2FC4055-0B74-48BC-ACED-492170E2D6CE}
		{BA06A023-9AE0-4A90-B37F-EE0E325EED86} = {A4D9E533-B5DC-4756-9EF2-FB2346F981B0}
		{240B927E-CC73-4AB4-81F9-288B3322929B} = {BA06A023-9AE0-4A90-B37F-EE0E325EED86}
		{286D2233-AD05-46AB-8C38-85CA08A717E4} = {BA06A023-9AE0-4A90-B37F-EE0E325EED86}
		{382CB8CF-2370-4F4D-AD89-2C9E61D1B8E8} = {A4D9E533-B5DC-4756-9EF2-FB2346F981B0}
		{AD20043E-2EC0-4E93-B89A-84E037CF8BDB} = {382CB8CF-2370-4F4D-AD89-2C9E61D1B8E8}
		{815336E7-2D38-42F3-9DC0-EF6B7098F52F} = {382CB8CF-2370-4F4D-AD89-2C9E61D1B8E8}
		{BF4E8056-F97A-46C4-9181-4191C7E0CD79} = {382CB8CF-2370-4F4D-AD89-2C9E61D1B8E8}
		{179C919E-F7D6-4155-A3DB-82E5A7E39A77} = {382CB8CF-2370-4F4D-AD89-2C9E61D1B8E8}
		{F3D52A21-3AD5-4B77-A9A7-DCF7B82A7911} = {A3468349-230C-4EBB-AA9E-8743B7E53D34}
	EndGlobalSection
	GlobalSection(ExtensibilityGlobals) = postSolution
		SolutionGuid = {192A5DC6-5CA3-47CC-85D3-17C5B261E7E2}
	EndGlobalSection
EndGlobal
